<?xml version="1.0" encoding="utf-8"?>
<Project ToolsVersion="4.0" xmlns="http://schemas.microsoft.com/developer/msbuild/2003">
  <ItemGroup>
    <Filter Include="KulaWorld">
      <UniqueIdentifier>{b8edde42-e5ff-4d12-ad64-33719b7ba353}</UniqueIdentifier>
    </Filter>
    <Filter Include="KulaWorld\GameView">
      <UniqueIdentifier>{c4a290cc-198f-4222-8d14-b32c220f1b70}</UniqueIdentifier>
    </Filter>
    <Filter Include="KulaWorld\GameLogic">
      <UniqueIdentifier>{13a6514b-15b3-4e6f-8eb5-551d9752b247}</UniqueIdentifier>
    </Filter>
    <Filter Include="KulaWorld\GameAppLayer">
      <UniqueIdentifier>{56b6bbbd-066a-4fb2-a56d-ca786610d17e}</UniqueIdentifier>
    </Filter>
    <Filter Include="KulaWorld\Msvc">
      <UniqueIdentifier>{30eb944d-ec1e-4a7d-9ef7-885b04b10ab2}</UniqueIdentifier>
    </Filter>
    <Filter Include="KulaWorld\Process">
      <UniqueIdentifier>{5d777fd9-4b2a-4cdc-8df8-9cce11388831}</UniqueIdentifier>
    </Filter>
  </ItemGroup>
  <ItemGroup>
    <ClInclude Include="..\GameView\KulaWorldView.h">
      <Filter>KulaWorld\GameView</Filter>
    </ClInclude>
    <ClInclude Include="..\GameLogic\KulaWorldLogic.h">
      <Filter>KulaWorld\GameLogic</Filter>
    </ClInclude>
    <ClInclude Include="..\GameAppLayer\KulaWorldApp.h">
      <Filter>KulaWorld\GameAppLayer</Filter>
    </ClInclude>
    <ClInclude Include="Resource.h">
      <Filter>KulaWorld\Msvc</Filter>
    </ClInclude>
    <ClInclude Include="stdafx.h">
      <Filter>KulaWorld\Msvc</Filter>
    </ClInclude>
    <ClInclude Include="targetver.h">
      <Filter>KulaWorld\Msvc</Filter>
    </ClInclude>
    <ClInclude Include="..\GameView\KulaWorldController.h">
      <Filter>KulaWorld\GameView</Filter>
    </ClInclude>
    <ClInclude Include="..\GameView\KulaWorldCamera.h">
      <Filter>KulaWorld\GameView</Filter>
    </ClInclude>
    <ClInclude Include="..\Process\SmoothCameraPitchRotationProcess.h">
      <Filter>KulaWorld\Process</Filter>
    </ClInclude>
    <ClInclude Include="..\Process\SmoothCameraYawRotationProcess.h">
      <Filter>KulaWorld\Process</Filter>
    </ClInclude>
    <ClInclude Include="..\Process\JumpProcess.h">
      <Filter>KulaWorld\Process</Filter>
    </ClInclude>
    <ClInclude Include="..\GameView\KulaWorldEndLevelMenuView.h">
      <Filter>KulaWorld\GameView</Filter>
    </ClInclude>
  </ItemGroup>
  <ItemGroup>
    <ClCompile Include="..\GameView\KulaWorldView.cpp">
      <Filter>KulaWorld\GameView</Filter>
    </ClCompile>
    <ClCompile Include="..\GameLogic\KulaWorldLogic.cpp">
      <Filter>KulaWorld\GameLogic</Filter>
    </ClCompile>
    <ClCompile Include="..\GameAppLayer\KulaWorldApp.cpp">
      <Filter>KulaWorld\GameAppLayer</Filter>
    </ClCompile>
    <ClCompile Include="stdafx.cpp">
      <Filter>KulaWorld\Msvc</Filter>
    </ClCompile>
    <ClCompile Include="..\GameView\KulaWorldController.cpp">
      <Filter>KulaWorld\GameView</Filter>
    </ClCompile>
    <ClCompile Include="..\Process\SmoothCameraPitchRotation.cpp">
      <Filter>KulaWorld\Process</Filter>
    </ClCompile>
    <ClCompile Include="..\Process\SmoothCameraYawRotationProcess.cpp">
      <Filter>KulaWorld\Process</Filter>
    </ClCompile>
    <ClCompile Include="..\Process\JumpProcess.cpp">
      <Filter>KulaWorld\Process</Filter>
    </ClCompile>
    <ClCompile Include="..\GameView\KulaWorldEndLevelMenuView.cpp">
      <Filter>KulaWorld\GameView</Filter>
    </ClCompile>
  </ItemGroup>
</Project>